// !$*UTF8*$!
{
	archiveVersion = 1;
	classes = {
	};
	objectVersion = 48;
	objects = {

/* Begin PBXBuildFile section */
		735B32D834D385105305A6E5 /* Pods_CodingExerciseTests.framework in Frameworks */ = {isa = PBXBuildFile; fileRef = 311FC08F9E5D99F106A15D6C /* Pods_CodingExerciseTests.framework */; };
		C74EA4851FBA3FBA00CF6C2A /* DataSource.swift in Sources */ = {isa = PBXBuildFile; fileRef = C74EA4811FBA3FBA00CF6C2A /* DataSource.swift */; };
		C74EA4861FBA3FBA00CF6C2A /* RealmUser.swift in Sources */ = {isa = PBXBuildFile; fileRef = C74EA4831FBA3FBA00CF6C2A /* RealmUser.swift */; };
		C74EA4871FBA3FBA00CF6C2A /* UsersRealmDataSource.swift in Sources */ = {isa = PBXBuildFile; fileRef = C74EA4841FBA3FBA00CF6C2A /* UsersRealmDataSource.swift */; };
		C74EA4891FBA518300CF6C2A /* Configuration.swift in Sources */ = {isa = PBXBuildFile; fileRef = C74EA4881FBA518300CF6C2A /* Configuration.swift */; };
		C74EA48A1FBA518300CF6C2A /* Configuration.swift in Sources */ = {isa = PBXBuildFile; fileRef = C74EA4881FBA518300CF6C2A /* Configuration.swift */; };
		C74EA48D1FBA69F700CF6C2A /* ApiManager.swift in Sources */ = {isa = PBXBuildFile; fileRef = C74EA48C1FBA69F700CF6C2A /* ApiManager.swift */; };
		C74EA48E1FBA69F700CF6C2A /* ApiManager.swift in Sources */ = {isa = PBXBuildFile; fileRef = C74EA48C1FBA69F700CF6C2A /* ApiManager.swift */; };
		C74EA4921FBA9D7900CF6C2A /* UsersRealmDataSource.swift in Sources */ = {isa = PBXBuildFile; fileRef = C74EA4841FBA3FBA00CF6C2A /* UsersRealmDataSource.swift */; };
		C74EA4931FBA9D7C00CF6C2A /* RealmUser.swift in Sources */ = {isa = PBXBuildFile; fileRef = C74EA4831FBA3FBA00CF6C2A /* RealmUser.swift */; };
		C74EA4941FBA9D8000CF6C2A /* DataSource.swift in Sources */ = {isa = PBXBuildFile; fileRef = C74EA4811FBA3FBA00CF6C2A /* DataSource.swift */; };
		C74EA4961FBAA31F00CF6C2A /* ListAllUsersTableViewController+UITableViewDataSource.swift in Sources */ = {isa = PBXBuildFile; fileRef = C74EA4951FBAA31F00CF6C2A /* ListAllUsersTableViewController+UITableViewDataSource.swift */; };
		C74EA4971FBAA31F00CF6C2A /* ListAllUsersTableViewController+UITableViewDataSource.swift in Sources */ = {isa = PBXBuildFile; fileRef = C74EA4951FBAA31F00CF6C2A /* ListAllUsersTableViewController+UITableViewDataSource.swift */; };
		C7F068561FBA196600705B8E /* AppDelegate.swift in Sources */ = {isa = PBXBuildFile; fileRef = C7F068551FBA196600705B8E /* AppDelegate.swift */; };
		C7F0685D1FBA196600705B8E /* Assets.xcassets in Resources */ = {isa = PBXBuildFile; fileRef = C7F0685C1FBA196600705B8E /* Assets.xcassets */; };
		C7F068601FBA196600705B8E /* LaunchScreen.storyboard in Resources */ = {isa = PBXBuildFile; fileRef = C7F0685E1FBA196600705B8E /* LaunchScreen.storyboard */; };
		C7F0686B1FBA196600705B8E /* CodingExerciseTests.swift in Sources */ = {isa = PBXBuildFile; fileRef = C7F0686A1FBA196600705B8E /* CodingExerciseTests.swift */; };
		C7F0687B1FBA1B5B00705B8E /* User.swift in Sources */ = {isa = PBXBuildFile; fileRef = C7F0687A1FBA1B5B00705B8E /* User.swift */; };
		C7F0687C1FBA1B5B00705B8E /* User.swift in Sources */ = {isa = PBXBuildFile; fileRef = C7F0687A1FBA1B5B00705B8E /* User.swift */; };
		C7F0687E1FBA1F1700705B8E /* UserController.swift in Sources */ = {isa = PBXBuildFile; fileRef = C7F0687D1FBA1F1700705B8E /* UserController.swift */; };
		C7F0687F1FBA1F1700705B8E /* UserController.swift in Sources */ = {isa = PBXBuildFile; fileRef = C7F0687D1FBA1F1700705B8E /* UserController.swift */; };
		C7F068811FBA1F7800705B8E /* ListAllUsersTableViewController.swift in Sources */ = {isa = PBXBuildFile; fileRef = C7F068801FBA1F7800705B8E /* ListAllUsersTableViewController.swift */; };
		C7F068821FBA1F7800705B8E /* ListAllUsersTableViewController.swift in Sources */ = {isa = PBXBuildFile; fileRef = C7F068801FBA1F7800705B8E /* ListAllUsersTableViewController.swift */; };
		C7F068851FBA201200705B8E /* ListAllUsersTableViewCell.swift in Sources */ = {isa = PBXBuildFile; fileRef = C7F068841FBA201200705B8E /* ListAllUsersTableViewCell.swift */; };
		C7F068861FBA201200705B8E /* ListAllUsersTableViewCell.swift in Sources */ = {isa = PBXBuildFile; fileRef = C7F068841FBA201200705B8E /* ListAllUsersTableViewCell.swift */; };
		E82969E039C724871F4A3D89 /* Pods_CodingExercise.framework in Frameworks */ = {isa = PBXBuildFile; fileRef = A5F52B5292807B17707715BB /* Pods_CodingExercise.framework */; };
/* End PBXBuildFile section */

/* Begin PBXContainerItemProxy section */
		C7F068671FBA196600705B8E /* PBXContainerItemProxy */ = {
			isa = PBXContainerItemProxy;
			containerPortal = C7F0684A1FBA196500705B8E /* Project object */;
			proxyType = 1;
			remoteGlobalIDString = C7F068511FBA196500705B8E;
			remoteInfo = CodingExercise;
		};
/* End PBXContainerItemProxy section */

/* Begin PBXFileReference section */
		066121569219287ACF5EF729 /* Pods-CodingExercise.debug.xcconfig */ = {isa = PBXFileReference; includeInIndex = 1; lastKnownFileType = text.xcconfig; name = "Pods-CodingExercise.debug.xcconfig"; path = "Pods/Target Support Files/Pods-CodingExercise/Pods-CodingExercise.debug.xcconfig"; sourceTree = "<group>"; };
		311FC08F9E5D99F106A15D6C /* Pods_CodingExerciseTests.framework */ = {isa = PBXFileReference; explicitFileType = wrapper.framework; includeInIndex = 0; path = Pods_CodingExerciseTests.framework; sourceTree = BUILT_PRODUCTS_DIR; };
		91669A447F43AE99D3D9F7D9 /* Pods-CodingExerciseTests.debug.xcconfig */ = {isa = PBXFileReference; includeInIndex = 1; lastKnownFileType = text.xcconfig; name = "Pods-CodingExerciseTests.debug.xcconfig"; path = "Pods/Target Support Files/Pods-CodingExerciseTests/Pods-CodingExerciseTests.debug.xcconfig"; sourceTree = "<group>"; };
		A5F52B5292807B17707715BB /* Pods_CodingExercise.framework */ = {isa = PBXFileReference; explicitFileType = wrapper.framework; includeInIndex = 0; path = Pods_CodingExercise.framework; sourceTree = BUILT_PRODUCTS_DIR; };
		C74EA4811FBA3FBA00CF6C2A /* DataSource.swift */ = {isa = PBXFileReference; fileEncoding = 4; lastKnownFileType = sourcecode.swift; path = DataSource.swift; sourceTree = "<group>"; };
		C74EA4831FBA3FBA00CF6C2A /* RealmUser.swift */ = {isa = PBXFileReference; fileEncoding = 4; lastKnownFileType = sourcecode.swift; path = RealmUser.swift; sourceTree = "<group>"; };
		C74EA4841FBA3FBA00CF6C2A /* UsersRealmDataSource.swift */ = {isa = PBXFileReference; fileEncoding = 4; lastKnownFileType = sourcecode.swift; path = UsersRealmDataSource.swift; sourceTree = "<group>"; };
		C74EA4881FBA518300CF6C2A /* Configuration.swift */ = {isa = PBXFileReference; lastKnownFileType = sourcecode.swift; path = Configuration.swift; sourceTree = "<group>"; };
		C74EA48C1FBA69F700CF6C2A /* ApiManager.swift */ = {isa = PBXFileReference; lastKnownFileType = sourcecode.swift; path = ApiManager.swift; sourceTree = "<group>"; };
		C74EA4951FBAA31F00CF6C2A /* ListAllUsersTableViewController+UITableViewDataSource.swift */ = {isa = PBXFileReference; lastKnownFileType = sourcecode.swift; path = "ListAllUsersTableViewController+UITableViewDataSource.swift"; sourceTree = "<group>"; };
		C7F068521FBA196500705B8E /* CodingExercise.app */ = {isa = PBXFileReference; explicitFileType = wrapper.application; includeInIndex = 0; path = CodingExercise.app; sourceTree = BUILT_PRODUCTS_DIR; };
		C7F068551FBA196600705B8E /* AppDelegate.swift */ = {isa = PBXFileReference; lastKnownFileType = sourcecode.swift; path = AppDelegate.swift; sourceTree = "<group>"; };
		C7F0685C1FBA196600705B8E /* Assets.xcassets */ = {isa = PBXFileReference; lastKnownFileType = folder.assetcatalog; path = Assets.xcassets; sourceTree = "<group>"; };
		C7F0685F1FBA196600705B8E /* Base */ = {isa = PBXFileReference; lastKnownFileType = file.storyboard; name = Base; path = Base.lproj/LaunchScreen.storyboard; sourceTree = "<group>"; };
		C7F068611FBA196600705B8E /* Info.plist */ = {isa = PBXFileReference; lastKnownFileType = text.plist.xml; path = Info.plist; sourceTree = "<group>"; };
		C7F068661FBA196600705B8E /* CodingExerciseTests.xctest */ = {isa = PBXFileReference; explicitFileType = wrapper.cfbundle; includeInIndex = 0; path = CodingExerciseTests.xctest; sourceTree = BUILT_PRODUCTS_DIR; };
		C7F0686A1FBA196600705B8E /* CodingExerciseTests.swift */ = {isa = PBXFileReference; lastKnownFileType = sourcecode.swift; path = CodingExerciseTests.swift; sourceTree = "<group>"; };
		C7F0686C1FBA196600705B8E /* Info.plist */ = {isa = PBXFileReference; lastKnownFileType = text.plist.xml; path = Info.plist; sourceTree = "<group>"; };
		C7F0687A1FBA1B5B00705B8E /* User.swift */ = {isa = PBXFileReference; lastKnownFileType = sourcecode.swift; path = User.swift; sourceTree = "<group>"; };
		C7F0687D1FBA1F1700705B8E /* UserController.swift */ = {isa = PBXFileReference; lastKnownFileType = sourcecode.swift; path = UserController.swift; sourceTree = "<group>"; };
		C7F068801FBA1F7800705B8E /* ListAllUsersTableViewController.swift */ = {isa = PBXFileReference; lastKnownFileType = sourcecode.swift; path = ListAllUsersTableViewController.swift; sourceTree = "<group>"; };
		C7F068841FBA201200705B8E /* ListAllUsersTableViewCell.swift */ = {isa = PBXFileReference; lastKnownFileType = sourcecode.swift; path = ListAllUsersTableViewCell.swift; sourceTree = "<group>"; };
		DBE24C05119FD819EF4B2798 /* Pods-CodingExercise.release.xcconfig */ = {isa = PBXFileReference; includeInIndex = 1; lastKnownFileType = text.xcconfig; name = "Pods-CodingExercise.release.xcconfig"; path = "Pods/Target Support Files/Pods-CodingExercise/Pods-CodingExercise.release.xcconfig"; sourceTree = "<group>"; };
		FE8469D118938EAC5132A4C0 /* Pods-CodingExerciseTests.release.xcconfig */ = {isa = PBXFileReference; includeInIndex = 1; lastKnownFileType = text.xcconfig; name = "Pods-CodingExerciseTests.release.xcconfig"; path = "Pods/Target Support Files/Pods-CodingExerciseTests/Pods-CodingExerciseTests.release.xcconfig"; sourceTree = "<group>"; };
/* End PBXFileReference section */

/* Begin PBXFrameworksBuildPhase section */
		C7F0684F1FBA196500705B8E /* Frameworks */ = {
			isa = PBXFrameworksBuildPhase;
			buildActionMask = 2147483647;
			files = (
				E82969E039C724871F4A3D89 /* Pods_CodingExercise.framework in Frameworks */,
			);
			runOnlyForDeploymentPostprocessing = 0;
		};
		C7F068631FBA196600705B8E /* Frameworks */ = {
			isa = PBXFrameworksBuildPhase;
			buildActionMask = 2147483647;
			files = (
				735B32D834D385105305A6E5 /* Pods_CodingExerciseTests.framework in Frameworks */,
			);
			runOnlyForDeploymentPostprocessing = 0;
		};
/* End PBXFrameworksBuildPhase section */

/* Begin PBXGroup section */
		9FB010389628C03F53A79DC1 /* Frameworks */ = {
			isa = PBXGroup;
			children = (
				A5F52B5292807B17707715BB /* Pods_CodingExercise.framework */,
				311FC08F9E5D99F106A15D6C /* Pods_CodingExerciseTests.framework */,
			);
			name = Frameworks;
			sourceTree = "<group>";
		};
		C74EA4801FBA3FBA00CF6C2A /* DataSource */ = {
			isa = PBXGroup;
			children = (
				C74EA4811FBA3FBA00CF6C2A /* DataSource.swift */,
				C74EA4821FBA3FBA00CF6C2A /* Realm */,
			);
			path = DataSource;
			sourceTree = "<group>";
		};
		C74EA4821FBA3FBA00CF6C2A /* Realm */ = {
			isa = PBXGroup;
			children = (
				C74EA4831FBA3FBA00CF6C2A /* RealmUser.swift */,
				C74EA4841FBA3FBA00CF6C2A /* UsersRealmDataSource.swift */,
			);
			path = Realm;
			sourceTree = "<group>";
		};
		C74EA48B1FBA615A00CF6C2A /* Network */ = {
			isa = PBXGroup;
			children = (
				C74EA48C1FBA69F700CF6C2A /* ApiManager.swift */,
			);
			path = Network;
			sourceTree = "<group>";
		};
		C7F068491FBA196500705B8E = {
			isa = PBXGroup;
			children = (
				C7F068541FBA196600705B8E /* CodingExercise */,
				C7F068691FBA196600705B8E /* CodingExerciseTests */,
				C7F068531FBA196500705B8E /* Products */,
				D4E2C965EA9983DD6472B2D8 /* Pods */,
				9FB010389628C03F53A79DC1 /* Frameworks */,
			);
			sourceTree = "<group>";
		};
		C7F068531FBA196500705B8E /* Products */ = {
			isa = PBXGroup;
			children = (
				C7F068521FBA196500705B8E /* CodingExercise.app */,
				C7F068661FBA196600705B8E /* CodingExerciseTests.xctest */,
			);
			name = Products;
			sourceTree = "<group>";
		};
		C7F068541FBA196600705B8E /* CodingExercise */ = {
			isa = PBXGroup;
			children = (
				C7F068791FBA1AE900705B8E /* Utility */,
				C7F068781FBA1AD200705B8E /* Manager */,
				C7F068771FBA1AC900705B8E /* View */,
				C7F068761FBA1ABC00705B8E /* Controller */,
				C7F068751FBA1AB400705B8E /* Model */,
				C7F068551FBA196600705B8E /* AppDelegate.swift */,
				C7F0685E1FBA196600705B8E /* LaunchScreen.storyboard */,
				C7F068611FBA196600705B8E /* Info.plist */,
			);
			path = CodingExercise;
			sourceTree = "<group>";
		};
		C7F068691FBA196600705B8E /* CodingExerciseTests */ = {
			isa = PBXGroup;
			children = (
				C7F0686A1FBA196600705B8E /* CodingExerciseTests.swift */,
				C7F0686C1FBA196600705B8E /* Info.plist */,
			);
			path = CodingExerciseTests;
			sourceTree = "<group>";
		};
		C7F068751FBA1AB400705B8E /* Model */ = {
			isa = PBXGroup;
			children = (
				C7F0687A1FBA1B5B00705B8E /* User.swift */,
			);
			path = Model;
			sourceTree = "<group>";
		};
		C7F068761FBA1ABC00705B8E /* Controller */ = {
			isa = PBXGroup;
			children = (
				C7F0687D1FBA1F1700705B8E /* UserController.swift */,
			);
			path = Controller;
			sourceTree = "<group>";
		};
		C7F068771FBA1AC900705B8E /* View */ = {
			isa = PBXGroup;
			children = (
				C7F068831FBA1FDF00705B8E /* Cells */,
				C7F0685C1FBA196600705B8E /* Assets.xcassets */,
				C7F068801FBA1F7800705B8E /* ListAllUsersTableViewController.swift */,
				C74EA4951FBAA31F00CF6C2A /* ListAllUsersTableViewController+UITableViewDataSource.swift */,
			);
			path = View;
			sourceTree = "<group>";
		};
		C7F068781FBA1AD200705B8E /* Manager */ = {
			isa = PBXGroup;
			children = (
				C74EA48B1FBA615A00CF6C2A /* Network */,
				C74EA4801FBA3FBA00CF6C2A /* DataSource */,
			);
			path = Manager;
			sourceTree = "<group>";
		};
		C7F068791FBA1AE900705B8E /* Utility */ = {
			isa = PBXGroup;
			children = (
				C74EA4881FBA518300CF6C2A /* Configuration.swift */,
			);
			path = Utility;
			sourceTree = "<group>";
		};
		C7F068831FBA1FDF00705B8E /* Cells */ = {
			isa = PBXGroup;
			children = (
				C7F068841FBA201200705B8E /* ListAllUsersTableViewCell.swift */,
			);
			path = Cells;
			sourceTree = "<group>";
		};
		D4E2C965EA9983DD6472B2D8 /* Pods */ = {
			isa = PBXGroup;
			children = (
				066121569219287ACF5EF729 /* Pods-CodingExercise.debug.xcconfig */,
				DBE24C05119FD819EF4B2798 /* Pods-CodingExercise.release.xcconfig */,
				91669A447F43AE99D3D9F7D9 /* Pods-CodingExerciseTests.debug.xcconfig */,
				FE8469D118938EAC5132A4C0 /* Pods-CodingExerciseTests.release.xcconfig */,
			);
			name = Pods;
			sourceTree = "<group>";
		};
/* End PBXGroup section */

/* Begin PBXNativeTarget section */
		C7F068511FBA196500705B8E /* CodingExercise */ = {
			isa = PBXNativeTarget;
			buildConfigurationList = C7F0686F1FBA196600705B8E /* Build configuration list for PBXNativeTarget "CodingExercise" */;
			buildPhases = (
				BCC4BD8B31E71CE26F93A3B5 /* [CP] Check Pods Manifest.lock */,
				C7F0684E1FBA196500705B8E /* Sources */,
				C7F0684F1FBA196500705B8E /* Frameworks */,
				C7F068501FBA196500705B8E /* Resources */,
				A5EEF94BD765C1E948BFD320 /* [CP] Embed Pods Frameworks */,
				9AE9019800ECF1B8B65BC68A /* [CP] Copy Pods Resources */,
			);
			buildRules = (
			);
			dependencies = (
			);
			name = CodingExercise;
			productName = CodingExercise;
			productReference = C7F068521FBA196500705B8E /* CodingExercise.app */;
			productType = "com.apple.product-type.application";
		};
		C7F068651FBA196600705B8E /* CodingExerciseTests */ = {
			isa = PBXNativeTarget;
			buildConfigurationList = C7F068721FBA196600705B8E /* Build configuration list for PBXNativeTarget "CodingExerciseTests" */;
			buildPhases = (
				610B947C31D00F9B1F9DD048 /* [CP] Check Pods Manifest.lock */,
				C7F068621FBA196600705B8E /* Sources */,
				C7F068631FBA196600705B8E /* Frameworks */,
				C7F068641FBA196600705B8E /* Resources */,
				9C54DCFC03D249E6761998CB /* [CP] Embed Pods Frameworks */,
				7217127108D7345DDAC8A1D3 /* [CP] Copy Pods Resources */,
			);
			buildRules = (
			);
			dependencies = (
				C7F068681FBA196600705B8E /* PBXTargetDependency */,
			);
			name = CodingExerciseTests;
			productName = CodingExerciseTests;
			productReference = C7F068661FBA196600705B8E /* CodingExerciseTests.xctest */;
			productType = "com.apple.product-type.bundle.unit-test";
		};
/* End PBXNativeTarget section */

/* Begin PBXProject section */
		C7F0684A1FBA196500705B8E /* Project object */ = {
			isa = PBXProject;
			attributes = {
				LastSwiftUpdateCheck = 0900;
				LastUpgradeCheck = 0900;
				ORGANIZATIONNAME = mendes;
				TargetAttributes = {
					C7F068511FBA196500705B8E = {
						CreatedOnToolsVersion = 9.0;
						ProvisioningStyle = Automatic;
					};
					C7F068651FBA196600705B8E = {
						CreatedOnToolsVersion = 9.0;
						ProvisioningStyle = Automatic;
						TestTargetID = C7F068511FBA196500705B8E;
					};
				};
			};
			buildConfigurationList = C7F0684D1FBA196500705B8E /* Build configuration list for PBXProject "CodingExercise" */;
			compatibilityVersion = "Xcode 8.0";
			developmentRegion = en;
			hasScannedForEncodings = 0;
			knownRegions = (
				en,
				Base,
			);
			mainGroup = C7F068491FBA196500705B8E;
			productRefGroup = C7F068531FBA196500705B8E /* Products */;
			projectDirPath = "";
			projectRoot = "";
			targets = (
				C7F068511FBA196500705B8E /* CodingExercise */,
				C7F068651FBA196600705B8E /* CodingExerciseTests */,
			);
		};
/* End PBXProject section */

/* Begin PBXResourcesBuildPhase section */
		C7F068501FBA196500705B8E /* Resources */ = {
			isa = PBXResourcesBuildPhase;
			buildActionMask = 2147483647;
			files = (
				C7F068601FBA196600705B8E /* LaunchScreen.storyboard in Resources */,
				C7F0685D1FBA196600705B8E /* Assets.xcassets in Resources */,
			);
			runOnlyForDeploymentPostprocessing = 0;
		};
		C7F068641FBA196600705B8E /* Resources */ = {
			isa = PBXResourcesBuildPhase;
			buildActionMask = 2147483647;
			files = (
			);
			runOnlyForDeploymentPostprocessing = 0;
		};
/* End PBXResourcesBuildPhase section */

/* Begin PBXShellScriptBuildPhase section */
		610B947C31D00F9B1F9DD048 /* [CP] Check Pods Manifest.lock */ = {
			isa = PBXShellScriptBuildPhase;
			buildActionMask = 2147483647;
			files = (
			);
			inputPaths = (
			);
			name = "[CP] Check Pods Manifest.lock";
			outputPaths = (
			);
			runOnlyForDeploymentPostprocessing = 0;
			shellPath = /bin/sh;
			shellScript = "diff \"${PODS_PODFILE_DIR_PATH}/Podfile.lock\" \"${PODS_ROOT}/Manifest.lock\" > /dev/null\nif [ $? != 0 ] ; then\n    # print error to STDERR\n    echo \"error: The sandbox is not in sync with the Podfile.lock. Run 'pod install' or update your CocoaPods installation.\" >&2\n    exit 1\nfi\n";
			showEnvVarsInLog = 0;
		};
		7217127108D7345DDAC8A1D3 /* [CP] Copy Pods Resources */ = {
			isa = PBXShellScriptBuildPhase;
			buildActionMask = 2147483647;
			files = (
			);
			inputPaths = (
			);
			name = "[CP] Copy Pods Resources";
			outputPaths = (
			);
			runOnlyForDeploymentPostprocessing = 0;
			shellPath = /bin/sh;
			shellScript = "\"${SRCROOT}/Pods/Target Support Files/Pods-CodingExerciseTests/Pods-CodingExerciseTests-resources.sh\"\n";
			showEnvVarsInLog = 0;
		};
		9AE9019800ECF1B8B65BC68A /* [CP] Copy Pods Resources */ = {
			isa = PBXShellScriptBuildPhase;
			buildActionMask = 2147483647;
			files = (
			);
			inputPaths = (
			);
			name = "[CP] Copy Pods Resources";
			outputPaths = (
			);
			runOnlyForDeploymentPostprocessing = 0;
			shellPath = /bin/sh;
			shellScript = "\"${SRCROOT}/Pods/Target Support Files/Pods-CodingExercise/Pods-CodingExercise-resources.sh\"\n";
			showEnvVarsInLog = 0;
		};
		9C54DCFC03D249E6761998CB /* [CP] Embed Pods Frameworks */ = {
			isa = PBXShellScriptBuildPhase;
			buildActionMask = 2147483647;
			files = (
			);
			inputPaths = (
			);
			name = "[CP] Embed Pods Frameworks";
			outputPaths = (
			);
			runOnlyForDeploymentPostprocessing = 0;
			shellPath = /bin/sh;
			shellScript = "\"${SRCROOT}/Pods/Target Support Files/Pods-CodingExerciseTests/Pods-CodingExerciseTests-frameworks.sh\"\n";
			showEnvVarsInLog = 0;
		};
		A5EEF94BD765C1E948BFD320 /* [CP] Embed Pods Frameworks */ = {
			isa = PBXShellScriptBuildPhase;
			buildActionMask = 2147483647;
			files = (
			);
			inputPaths = (
			);
			name = "[CP] Embed Pods Frameworks";
			outputPaths = (
			);
			runOnlyForDeploymentPostprocessing = 0;
			shellPath = /bin/sh;
			shellScript = "\"${SRCROOT}/Pods/Target Support Files/Pods-CodingExercise/Pods-CodingExercise-frameworks.sh\"\n";
			showEnvVarsInLog = 0;
		};
		BCC4BD8B31E71CE26F93A3B5 /* [CP] Check Pods Manifest.lock */ = {
			isa = PBXShellScriptBuildPhase;
			buildActionMask = 2147483647;
			files = (
			);
			inputPaths = (
			);
			name = "[CP] Check Pods Manifest.lock";
			outputPaths = (
			);
			runOnlyForDeploymentPostprocessing = 0;
			shellPath = /bin/sh;
			shellScript = "diff \"${PODS_PODFILE_DIR_PATH}/Podfile.lock\" \"${PODS_ROOT}/Manifest.lock\" > /dev/null\nif [ $? != 0 ] ; then\n    # print error to STDERR\n    echo \"error: The sandbox is not in sync with the Podfile.lock. Run 'pod install' or update your CocoaPods installation.\" >&2\n    exit 1\nfi\n";
			showEnvVarsInLog = 0;
		};
/* End PBXShellScriptBuildPhase section */

/* Begin PBXSourcesBuildPhase section */
		C7F0684E1FBA196500705B8E /* Sources */ = {
			isa = PBXSourcesBuildPhase;
			buildActionMask = 2147483647;
			files = (
				C74EA4851FBA3FBA00CF6C2A /* DataSource.swift in Sources */,
				C7F068851FBA201200705B8E /* ListAllUsersTableViewCell.swift in Sources */,
				C74EA4861FBA3FBA00CF6C2A /* RealmUser.swift in Sources */,
				C7F068561FBA196600705B8E /* AppDelegate.swift in Sources */,
				C7F068811FBA1F7800705B8E /* ListAllUsersTableViewController.swift in Sources */,
				C74EA4871FBA3FBA00CF6C2A /* UsersRealmDataSource.swift in Sources */,
				C74EA4961FBAA31F00CF6C2A /* ListAllUsersTableViewController+UITableViewDataSource.swift in Sources */,
				C74EA48D1FBA69F700CF6C2A /* ApiManager.swift in Sources */,
				C74EA4891FBA518300CF6C2A /* Configuration.swift in Sources */,
				C7F0687E1FBA1F1700705B8E /* UserController.swift in Sources */,
				C7F0687B1FBA1B5B00705B8E /* User.swift in Sources */,
			);
			runOnlyForDeploymentPostprocessing = 0;
		};
		C7F068621FBA196600705B8E /* Sources */ = {
			isa = PBXSourcesBuildPhase;
			buildActionMask = 2147483647;
			files = (
				C74EA48E1FBA69F700CF6C2A /* ApiManager.swift in Sources */,
				C7F0687F1FBA1F1700705B8E /* UserController.swift in Sources */,
				C7F0687C1FBA1B5B00705B8E /* User.swift in Sources */,
				C74EA4921FBA9D7900CF6C2A /* UsersRealmDataSource.swift in Sources */,
				C74EA48A1FBA518300CF6C2A /* Configuration.swift in Sources */,
				C74EA4931FBA9D7C00CF6C2A /* RealmUser.swift in Sources */,
				C74EA4971FBAA31F00CF6C2A /* ListAllUsersTableViewController+UITableViewDataSource.swift in Sources */,
				C7F068861FBA201200705B8E /* ListAllUsersTableViewCell.swift in Sources */,
				C7F068821FBA1F7800705B8E /* ListAllUsersTableViewController.swift in Sources */,
				C74EA4941FBA9D8000CF6C2A /* DataSource.swift in Sources */,
				C7F0686B1FBA196600705B8E /* CodingExerciseTests.swift in Sources */,
			);
			runOnlyForDeploymentPostprocessing = 0;
		};
/* End PBXSourcesBuildPhase section */

/* Begin PBXTargetDependency section */
		C7F068681FBA196600705B8E /* PBXTargetDependency */ = {
			isa = PBXTargetDependency;
			target = C7F068511FBA196500705B8E /* CodingExercise */;
			targetProxy = C7F068671FBA196600705B8E /* PBXContainerItemProxy */;
		};
/* End PBXTargetDependency section */

/* Begin PBXVariantGroup section */
		C7F0685E1FBA196600705B8E /* LaunchScreen.storyboard */ = {
			isa = PBXVariantGroup;
			children = (
				C7F0685F1FBA196600705B8E /* Base */,
			);
			name = LaunchScreen.storyboard;
			sourceTree = "<group>";
		};
/* End PBXVariantGroup section */

/* Begin XCBuildConfiguration section */
		C7F0686D1FBA196600705B8E /* Debug */ = {
			isa = XCBuildConfiguration;
			buildSettings = {
				ALWAYS_SEARCH_USER_PATHS = NO;
				CLANG_ANALYZER_NONNULL = YES;
				CLANG_ANALYZER_NUMBER_OBJECT_CONVERSION = YES_AGGRESSIVE;
				CLANG_CXX_LANGUAGE_STANDARD = "gnu++14";
				CLANG_CXX_LIBRARY = "libc++";
				CLANG_ENABLE_MODULES = YES;
				CLANG_ENABLE_OBJC_ARC = YES;
				CLANG_WARN_BLOCK_CAPTURE_AUTORELEASING = YES;
				CLANG_WARN_BOOL_CONVERSION = YES;
				CLANG_WARN_COMMA = YES;
				CLANG_WARN_CONSTANT_CONVERSION = YES;
				CLANG_WARN_DIRECT_OBJC_ISA_USAGE = YES_ERROR;
				CLANG_WARN_DOCUMENTATION_COMMENTS = YES;
				CLANG_WARN_EMPTY_BODY = YES;
				CLANG_WARN_ENUM_CONVERSION = YES;
				CLANG_WARN_INFINITE_RECURSION = YES;
				CLANG_WARN_INT_CONVERSION = YES;
				CLANG_WARN_NON_LITERAL_NULL_CONVERSION = YES;
				CLANG_WARN_OBJC_LITERAL_CONVERSION = YES;
				CLANG_WARN_OBJC_ROOT_CLASS = YES_ERROR;
				CLANG_WARN_RANGE_LOOP_ANALYSIS = YES;
				CLANG_WARN_STRICT_PROTOTYPES = YES;
				CLANG_WARN_SUSPICIOUS_MOVE = YES;
				CLANG_WARN_UNGUARDED_AVAILABILITY = YES_AGGRESSIVE;
				CLANG_WARN_UNREACHABLE_CODE = YES;
				CLANG_WARN__DUPLICATE_METHOD_MATCH = YES;
				CODE_SIGN_IDENTITY = "iPhone Developer";
				COPY_PHASE_STRIP = NO;
				DEBUG_INFORMATION_FORMAT = dwarf;
				ENABLE_STRICT_OBJC_MSGSEND = YES;
				ENABLE_TESTABILITY = YES;
				GCC_C_LANGUAGE_STANDARD = gnu11;
				GCC_DYNAMIC_NO_PIC = NO;
				GCC_NO_COMMON_BLOCKS = YES;
				GCC_OPTIMIZATION_LEVEL = 0;
				GCC_PREPROCESSOR_DEFINITIONS = (
					"DEBUG=1",
					"$(inherited)",
				);
				GCC_WARN_64_TO_32_BIT_CONVERSION = YES;
				GCC_WARN_ABOUT_RETURN_TYPE = YES_ERROR;
				GCC_WARN_UNDECLARED_SELECTOR = YES;
				GCC_WARN_UNINITIALIZED_AUTOS = YES_AGGRESSIVE;
				GCC_WARN_UNUSED_FUNCTION = YES;
				GCC_WARN_UNUSED_VARIABLE = YES;
				IPHONEOS_DEPLOYMENT_TARGET = 11.0;
				MTL_ENABLE_DEBUG_INFO = YES;
				ONLY_ACTIVE_ARCH = YES;
				SDKROOT = iphoneos;
				SWIFT_ACTIVE_COMPILATION_CONDITIONS = DEBUG;
				SWIFT_OPTIMIZATION_LEVEL = "-Onone";
			};
			name = Debug;
		};
		C7F0686E1FBA196600705B8E /* Release */ = {
			isa = XCBuildConfiguration;
			buildSettings = {
				ALWAYS_SEARCH_USER_PATHS = NO;
				CLANG_ANALYZER_NONNULL = YES;
				CLANG_ANALYZER_NUMBER_OBJECT_CONVERSION = YES_AGGRESSIVE;
				CLANG_CXX_LANGUAGE_STANDARD = "gnu++14";
				CLANG_CXX_LIBRARY = "libc++";
				CLANG_ENABLE_MODULES = YES;
				CLANG_ENABLE_OBJC_ARC = YES;
				CLANG_WARN_BLOCK_CAPTURE_AUTORELEASING = YES;
				CLANG_WARN_BOOL_CONVERSION = YES;
				CLANG_WARN_COMMA = YES;
				CLANG_WARN_CONSTANT_CONVERSION = YES;
				CLANG_WARN_DIRECT_OBJC_ISA_USAGE = YES_ERROR;
				CLANG_WARN_DOCUMENTATION_COMMENTS = YES;
				CLANG_WARN_EMPTY_BODY = YES;
				CLANG_WARN_ENUM_CONVERSION = YES;
				CLANG_WARN_INFINITE_RECURSION = YES;
				CLANG_WARN_INT_CONVERSION = YES;
				CLANG_WARN_NON_LITERAL_NULL_CONVERSION = YES;
				CLANG_WARN_OBJC_LITERAL_CONVERSION = YES;
				CLANG_WARN_OBJC_ROOT_CLASS = YES_ERROR;
				CLANG_WARN_RANGE_LOOP_ANALYSIS = YES;
				CLANG_WARN_STRICT_PROTOTYPES = YES;
				CLANG_WARN_SUSPICIOUS_MOVE = YES;
				CLANG_WARN_UNGUARDED_AVAILABILITY = YES_AGGRESSIVE;
				CLANG_WARN_UNREACHABLE_CODE = YES;
				CLANG_WARN__DUPLICATE_METHOD_MATCH = YES;
				CODE_SIGN_IDENTITY = "iPhone Developer";
				COPY_PHASE_STRIP = NO;
				DEBUG_INFORMATION_FORMAT = "dwarf-with-dsym";
				ENABLE_NS_ASSERTIONS = NO;
				ENABLE_STRICT_OBJC_MSGSEND = YES;
				GCC_C_LANGUAGE_STANDARD = gnu11;
				GCC_NO_COMMON_BLOCKS = YES;
				GCC_WARN_64_TO_32_BIT_CONVERSION = YES;
				GCC_WARN_ABOUT_RETURN_TYPE = YES_ERROR;
				GCC_WARN_UNDECLARED_SELECTOR = YES;
				GCC_WARN_UNINITIALIZED_AUTOS = YES_AGGRESSIVE;
				GCC_WARN_UNUSED_FUNCTION = YES;
				GCC_WARN_UNUSED_VARIABLE = YES;
				IPHONEOS_DEPLOYMENT_TARGET = 11.0;
				MTL_ENABLE_DEBUG_INFO = NO;
				SDKROOT = iphoneos;
				SWIFT_OPTIMIZATION_LEVEL = "-Owholemodule";
				VALIDATE_PRODUCT = YES;
			};
			name = Release;
		};
		C7F068701FBA196600705B8E /* Debug */ = {
			isa = XCBuildConfiguration;
			baseConfigurationReference = 066121569219287ACF5EF729 /* Pods-CodingExercise.debug.xcconfig */;
			buildSettings = {
				ASSETCATALOG_COMPILER_APPICON_NAME = AppIcon;
				CODE_SIGN_STYLE = Automatic;
				DEVELOPMENT_TEAM = 2S78J5R84G;
				INFOPLIST_FILE = CodingExercise/Info.plist;
				LD_RUNPATH_SEARCH_PATHS = "$(inherited) @executable_path/Frameworks";
				PRODUCT_BUNDLE_IDENTIFIER = app.mendes.CodingExercise.CodingExercise;
				PRODUCT_NAME = "$(TARGET_NAME)";
				SWIFT_VERSION = 4.0;
				TARGETED_DEVICE_FAMILY = "1,2";
			};
			name = Debug;
		};
		C7F068711FBA196600705B8E /* Release */ = {
			isa = XCBuildConfiguration;
			baseConfigurationReference = DBE24C05119FD819EF4B2798 /* Pods-CodingExercise.release.xcconfig */;
			buildSettings = {
				ASSETCATALOG_COMPILER_APPICON_NAME = AppIcon;
				CODE_SIGN_STYLE = Automatic;
				DEVELOPMENT_TEAM = 2S78J5R84G;
				INFOPLIST_FILE = CodingExercise/Info.plist;
				LD_RUNPATH_SEARCH_PATHS = "$(inherited) @executable_path/Frameworks";
				PRODUCT_BUNDLE_IDENTIFIER = app.mendes.CodingExercise.CodingExercise;
				PRODUCT_NAME = "$(TARGET_NAME)";
				SWIFT_VERSION = 4.0;
				TARGETED_DEVICE_FAMILY = "1,2";
			};
			name = Release;
		};
		C7F068731FBA196600705B8E /* Debug */ = {
			isa = XCBuildConfiguration;
			baseConfigurationReference = 91669A447F43AE99D3D9F7D9 /* Pods-CodingExerciseTests.debug.xcconfig */;
			buildSettings = {
				ALWAYS_EMBED_SWIFT_STANDARD_LIBRARIES = YES;
				BUNDLE_LOADER = "$(TEST_HOST)";
				CODE_SIGN_STYLE = Automatic;
				DEVELOPMENT_TEAM = 2S78J5R84G;
				INFOPLIST_FILE = CodingExerciseTests/Info.plist;
				LD_RUNPATH_SEARCH_PATHS = "$(inherited) @executable_path/Frameworks @loader_path/Frameworks";
				PRODUCT_BUNDLE_IDENTIFIER = app.mendes.CodingExercise.CodingExerciseTests;
				PRODUCT_NAME = "$(TARGET_NAME)";
				SWIFT_VERSION = 4.0;
				TARGETED_DEVICE_FAMILY = "1,2";
				TEST_HOST = "$(BUILT_PRODUCTS_DIR)/CodingExercise.app/CodingExercise";
			};
			name = Debug;
		};
		C7F068741FBA196600705B8E /* Release */ = {
			isa = XCBuildConfiguration;
			baseConfigurationReference = FE8469D118938EAC5132A4C0 /* Pods-CodingExerciseTests.release.xcconfig */;
			buildSettings = {
				ALWAYS_EMBED_SWIFT_STANDARD_LIBRARIES = YES;
				BUNDLE_LOADER = "$(TEST_HOST)";
				CODE_SIGN_STYLE = Automatic;
				DEVELOPMENT_TEAM = 2S78J5R84G;
				INFOPLIST_FILE = CodingExerciseTests/Info.plist;
				LD_RUNPATH_SEARCH_PATHS = "$(inherited) @executable_path/Frameworks @loader_path/Frameworks";
				PRODUCT_BUNDLE_IDENTIFIER = app.mendes.CodingExercise.CodingExerciseTests;
				PRODUCT_NAME = "$(TARGET_NAME)";
				SWIFT_VERSION = 4.0;
				TARGETED_DEVICE_FAMILY = "1,2";
				TEST_HOST = "$(BUILT_PRODUCTS_DIR)/CodingExercise.app/CodingExercise";
			};
			name = Release;
		};
/* End XCBuildConfiguration section */

/* Begin XCConfigurationList section */
		C7F0684D1FBA196500705B8E /* Build configuration list for PBXProject "CodingExercise" */ = {
			isa = XCConfigurationList;
			buildConfigurations = (
				C7F0686D1FBA196600705B8E /* Debug */,
				C7F0686E1FBA196600705B8E /* Release */,
			);
			defaultConfigurationIsVisible = 0;
			defaultConfigurationName = Release;
		};
		C7F0686F1FBA196600705B8E /* Build configuration list for PBXNativeTarget "CodingExercise" */ = {
			isa = XCConfigurationList;
			buildConfigurations = (
				C7F068701FBA196600705B8E /* Debug */,
				C7F068711FBA196600705B8E /* Release */,
			);
			defaultConfigurationIsVisible = 0;
			defaultConfigurationName = Release;
		};
		C7F068721FBA196600705B8E /* Build configuration list for PBXNativeTarget "CodingExerciseTests" */ = {
			isa = XCConfigurationList;
			buildConfigurations = (
				C7F068731FBA196600705B8E /* Debug */,
				C7F068741FBA196600705B8E /* Release */,
			);
			defaultConfigurationIsVisible = 0;
			defaultConfigurationName = Release;
		};
/* End XCConfigurationList section */
	};
	rootObject = C7F0684A1FBA196500705B8E /* Project object */;
}
